{
  "nodes": {
    "completion-nvim": {
      "flake": false,
      "locked": {
        "lastModified": 1617852343,
        "narHash": "sha256-Tq1cxbmTrOu9iNSd7HrRobkbv71/8+id+fm9dMth+As=",
        "owner": "nvim-lua",
        "repo": "completion-nvim",
        "rev": "8bca7aca91c947031a8f14b038459e35e1755d90",
        "type": "github"
      },
      "original": {
        "owner": "nvim-lua",
        "repo": "completion-nvim",
        "type": "github"
      }
    },
    "flake-utils": {
      "locked": {
        "lastModified": 1620759905,
        "narHash": "sha256-WiyWawrgmyN0EdmiHyG2V+fqReiVi8bM9cRdMaKQOFg=",
        "owner": "numtide",
        "repo": "flake-utils",
        "rev": "b543720b25df6ffdfcf9227afafc5b8c1fabfae8",
        "type": "github"
      },
      "original": {
        "owner": "numtide",
        "repo": "flake-utils",
        "type": "github"
      }
    },
    "gruvbox": {
      "flake": false,
      "locked": {
        "lastModified": 1593780126,
        "narHash": "sha256-H8WkOC9NMPXFznv2+dwOj3syNd2sLqszmoMqST/W5hQ=",
        "owner": "morhetz",
        "repo": "gruvbox",
        "rev": "bf2885a95efdad7bd5e4794dd0213917770d79b7",
        "type": "github"
      },
      "original": {
        "owner": "morhetz",
        "repo": "gruvbox",
        "type": "github"
      }
    },
    "lightline-vim": {
      "flake": false,
      "locked": {
        "lastModified": 1616315358,
        "narHash": "sha256-mBmPtBnohmHkHKl7qwiEF/k/6AJ5+FhqMdv9SEvDQpg=",
        "owner": "itchyny",
        "repo": "lightline.vim",
        "rev": "8a712365f9708044667589d9fffd87a4825d29f6",
        "type": "github"
      },
      "original": {
        "owner": "itchyny",
        "repo": "lightline.vim",
        "type": "github"
      }
    },
    "neovim": {
      "inputs": {
        "flake-utils": [
          "flake-utils"
        ],
        "nixpkgs": [
          "nixpkgs"
        ]
      },
      "locked": {
        "dir": "contrib",
        "lastModified": 1621032644,
        "narHash": "sha256-URpD3qNl6jnvcwqouzDCap+D1RjDexRm1AlEpv+rPu4=",
        "owner": "neovim",
        "repo": "neovim",
        "rev": "c57a85d53490fe53158a0cbd768941b732926d83",
        "type": "github"
      },
      "original": {
        "dir": "contrib",
        "owner": "neovim",
        "repo": "neovim",
        "type": "github"
      }
    },
    "nixpkgs": {
      "locked": {
        "lastModified": 1621028754,
        "narHash": "sha256-vf4L5IC33SfHOUYtw2IVM5GGGjFKH5/pdZj073yWYZc=",
        "owner": "nixos",
        "repo": "nixpkgs",
        "rev": "72948af15bf52f9111a42b3e9866b9c2d426ece9",
        "type": "github"
      },
      "original": {
        "owner": "nixos",
        "ref": "nixpkgs-unstable",
        "repo": "nixpkgs",
        "type": "github"
      }
    },
    "nord-vim": {
      "flake": false,
      "locked": {
        "lastModified": 1619948108,
        "narHash": "sha256-ox57vTGtDh25VG1wy3MppQmyMKoyAzY4UFQ1RXz4uzU=",
        "owner": "arcticicestudio",
        "repo": "nord-vim",
        "rev": "5867535cea7bb6b4c219fa0726c93e4b055debd2",
        "type": "github"
      },
      "original": {
        "owner": "arcticicestudio",
        "repo": "nord-vim",
        "type": "github"
      }
    },
    "nvim-lspconfig": {
      "flake": false,
      "locked": {
        "lastModified": 1621200239,
        "narHash": "sha256-vbsjBWFbdeGmBEriSAWGM+JM9s7+dyHo1W0vzzLruGU=",
        "owner": "neovim",
        "repo": "nvim-lspconfig",
        "rev": "0699e6c16c37c08418339675d142af0e00ccbeaa",
        "type": "github"
      },
      "original": {
        "owner": "neovim",
        "repo": "nvim-lspconfig",
        "type": "github"
      }
    },
    "root": {
      "inputs": {
        "completion-nvim": "completion-nvim",
        "flake-utils": "flake-utils",
        "gruvbox": "gruvbox",
        "lightline-vim": "lightline-vim",
        "neovim": "neovim",
        "nixpkgs": "nixpkgs",
        "nord-vim": "nord-vim",
        "nvim-lspconfig": "nvim-lspconfig",
        "vim-startify": "vim-startify"
      }
    },
    "vim-startify": {
      "flake": false,
      "locked": {
        "lastModified": 1620487920,
        "narHash": "sha256-//3bzFTe1WKqvQ3uYrDbk5Zu5BKq2hXQGeBhmhKIHvk=",
        "owner": "mhinz",
        "repo": "vim-startify",
        "rev": "81e36c352a8deea54df5ec1e2f4348685569bed2",
        "type": "github"
      },
      "original": {
        "owner": "mhinz",
        "repo": "vim-startify",
        "type": "github"
      }
    }
  },
  "root": "root",
  "version": 7
}
