{
  "nodes": {
    "diffview-nvim": {
      "flake": false,
      "locked": {
        "lastModified": 1700506468,
        "narHash": "sha256-3EdnBUka9Rh5Brl6TWpN6GlD9z32mmY3Ip+wyiKob/8=",
        "owner": "sindrets",
        "repo": "diffview.nvim",
        "rev": "3dc498c9777fe79156f3d32dddd483b8b3dbd95f",
        "type": "github"
      },
      "original": {
        "owner": "sindrets",
        "repo": "diffview.nvim",
        "type": "github"
      }
    },
    "dressing-nvim": {
      "flake": false,
      "locked": {
        "lastModified": 1701415471,
        "narHash": "sha256-yza3h2IwgWppKmHLhguWfp1bZO0m94x3+G4lF/dVQ74=",
        "owner": "stevearc",
        "repo": "dressing.nvim",
        "rev": "8b7ae53d7f04f33be3439a441db8071c96092d19",
        "type": "github"
      },
      "original": {
        "owner": "stevearc",
        "repo": "dressing.nvim",
        "type": "github"
      }
    },
    "editorconfig-vim": {
      "flake": false,
      "locked": {
        "lastModified": 1701554813,
        "narHash": "sha256-gAA0BkLoyOcEO0JO1B67NdEfWOHG5IzeEayRg11XGGY=",
        "owner": "editorconfig",
        "repo": "editorconfig-vim",
        "rev": "95cb75e21d11206dad4bd3895c99459bdaa13dd1",
        "type": "github"
      },
      "original": {
        "owner": "editorconfig",
        "repo": "editorconfig-vim",
        "type": "github"
      }
    },
    "flake-utils": {
      "inputs": {
        "systems": "systems"
      },
      "locked": {
        "lastModified": 1701680307,
        "narHash": "sha256-kAuep2h5ajznlPMD9rnQyffWG8EM/C73lejGofXvdM8=",
        "owner": "numtide",
        "repo": "flake-utils",
        "rev": "4022d587cbbfd70fe950c1e2083a02621806a725",
        "type": "github"
      },
      "original": {
        "owner": "numtide",
        "repo": "flake-utils",
        "type": "github"
      }
    },
    "flake-utils_2": {
      "inputs": {
        "systems": "systems_2"
      },
      "locked": {
        "lastModified": 1694529238,
        "narHash": "sha256-zsNZZGTGnMOf9YpHKJqMSsa0dXbfmxeoJ7xHlrt+xmY=",
        "owner": "numtide",
        "repo": "flake-utils",
        "rev": "ff7b65b44d01cf9ba6a71320833626af21126384",
        "type": "github"
      },
      "original": {
        "owner": "numtide",
        "repo": "flake-utils",
        "type": "github"
      }
    },
    "flake-utils_3": {
      "inputs": {
        "systems": "systems_3"
      },
      "locked": {
        "lastModified": 1694529238,
        "narHash": "sha256-zsNZZGTGnMOf9YpHKJqMSsa0dXbfmxeoJ7xHlrt+xmY=",
        "owner": "numtide",
        "repo": "flake-utils",
        "rev": "ff7b65b44d01cf9ba6a71320833626af21126384",
        "type": "github"
      },
      "original": {
        "owner": "numtide",
        "repo": "flake-utils",
        "type": "github"
      }
    },
    "flatten": {
      "flake": false,
      "locked": {
        "lastModified": 1701160758,
        "narHash": "sha256-37DFOCpEoJbd8szjjgWlB9cbNjDdEWz2rGwFe1oKr54=",
        "owner": "willothy",
        "repo": "flatten.nvim",
        "rev": "51dd9a0a83138aee3bd9fc402ce79f9db50af7fa",
        "type": "github"
      },
      "original": {
        "owner": "willothy",
        "repo": "flatten.nvim",
        "type": "github"
      }
    },
    "fugitive": {
      "flake": false,
      "locked": {
        "lastModified": 1698598804,
        "narHash": "sha256-b6x8suCHRMYzqu/PGlt5FPg+7/CilkjWzlkBZ3i3H/c=",
        "owner": "tpope",
        "repo": "vim-fugitive",
        "rev": "46eaf8918b347906789df296143117774e827616",
        "type": "github"
      },
      "original": {
        "owner": "tpope",
        "repo": "vim-fugitive",
        "type": "github"
      }
    },
    "fugitive-gitlab": {
      "flake": false,
      "locked": {
        "lastModified": 1684751584,
        "narHash": "sha256-wOBbFaEQ8PYMUHb8T+nU7WbbY6OlBacvidxGGO2aL3g=",
        "owner": "shumphrey",
        "repo": "fugitive-gitlab.vim",
        "rev": "55fed481c0309b3405dd3d72921d687bf36873a8",
        "type": "github"
      },
      "original": {
        "owner": "shumphrey",
        "repo": "fugitive-gitlab.vim",
        "type": "github"
      }
    },
    "gitlab": {
      "inputs": {
        "flake-utils": "flake-utils",
        "gitlab-nvim": "gitlab-nvim",
        "gomod2nix": "gomod2nix",
        "nixpkgs": "nixpkgs"
      },
      "locked": {
        "lastModified": 1,
        "narHash": "sha256-GtEuoGafPE8iK5q/4aB/Z1mLPrN4czMlacR/Rd8B6yA=",
        "path": "/nix/store/hdz1dkzk93lm2jng6nizsfw3r3ln3mq6-source/flakes/gitlab-nvim-flake",
        "type": "path"
      },
      "original": {
        "path": "/nix/store/hdz1dkzk93lm2jng6nizsfw3r3ln3mq6-source/flakes/gitlab-nvim-flake",
        "type": "path"
      }
    },
    "gitlab-nvim": {
      "flake": false,
      "locked": {
        "lastModified": 1701781592,
        "narHash": "sha256-fPX71mKTKWSqga3Uy2kbNtM3xIaYuScv4SgUx1h9Ve0=",
        "owner": "harrisoncramer",
        "repo": "gitlab.nvim",
        "rev": "cc68476b15d3bd89105c4c01dd4a24e264bb92c9",
        "type": "github"
      },
      "original": {
        "owner": "harrisoncramer",
        "repo": "gitlab.nvim",
        "type": "github"
      }
    },
    "gitsigns": {
      "flake": false,
      "locked": {
        "lastModified": 1701947745,
        "narHash": "sha256-U0PbdVOvChyc3H3azzQcLGjfPX+gzs+C952lpEKvWOU=",
        "owner": "lewis6991",
        "repo": "gitsigns.nvim",
        "rev": "e93a158b8773946dc9940a4321d35c1b52c8e293",
        "type": "github"
      },
      "original": {
        "owner": "lewis6991",
        "repo": "gitsigns.nvim",
        "type": "github"
      }
    },
    "goimpl": {
      "flake": false,
      "locked": {
        "lastModified": 1689076165,
        "narHash": "sha256-aOVPyyZ5TCxxFlTKHg4dHgc5+2gdTf/xargGQud8cdM=",
        "owner": "edolphin-ydf",
        "repo": "goimpl.nvim",
        "rev": "53891ce5605eb55c6bc419db8e286401686b67dd",
        "type": "github"
      },
      "original": {
        "owner": "edolphin-ydf",
        "repo": "goimpl.nvim",
        "type": "github"
      }
    },
    "gomod2nix": {
      "inputs": {
        "flake-utils": "flake-utils_2",
        "nixpkgs": [
          "gitlab",
          "nixpkgs"
        ]
      },
      "locked": {
        "lastModified": 1701687253,
        "narHash": "sha256-qJCMxIKWXonJODPF2oV7mCd0xu7VYVenTucrY0bizto=",
        "owner": "tweag",
        "repo": "gomod2nix",
        "rev": "001bbfa22e2adeb87c34c6015e5694e88721cabe",
        "type": "github"
      },
      "original": {
        "owner": "tweag",
        "repo": "gomod2nix",
        "type": "github"
      }
    },
    "gruvbox": {
      "flake": false,
      "locked": {
        "lastModified": 1692021846,
        "narHash": "sha256-goRu7008Iag99QieKZxQkwEyMRc7wY1ipA8z7YoCC+M=",
        "owner": "morhetz",
        "repo": "gruvbox",
        "rev": "f1ecde848f0cdba877acb0c740320568252cc482",
        "type": "github"
      },
      "original": {
        "owner": "morhetz",
        "repo": "gruvbox",
        "type": "github"
      }
    },
    "indent-blankline-nvim": {
      "flake": false,
      "locked": {
        "lastModified": 1701906036,
        "narHash": "sha256-23VBlez6V3iY5fipIwadkXHwU7HIaygHLbShDKlMVkY=",
        "owner": "lukas-reineke",
        "repo": "indent-blankline.nvim",
        "rev": "7206c77cb931f79885fc47f88ae18f99148392eb",
        "type": "github"
      },
      "original": {
        "owner": "lukas-reineke",
        "repo": "indent-blankline.nvim",
        "type": "github"
      }
    },
    "lightline-vim": {
      "flake": false,
      "locked": {
        "lastModified": 1700521955,
        "narHash": "sha256-aoJR1l+N1kyY5HX0jgCIJfYbAmg/H8vb8mwjDqNnrTc=",
        "owner": "itchyny",
        "repo": "lightline.vim",
        "rev": "1c6b455c0445b8bc1c4c16ba569a43c6348411cc",
        "type": "github"
      },
      "original": {
        "owner": "itchyny",
        "repo": "lightline.vim",
        "type": "github"
      }
    },
    "lsp_signature": {
      "flake": false,
      "locked": {
        "lastModified": 1701211782,
        "narHash": "sha256-4GcTfu7MRpZUi5dqewaddSvaOezRl9ROKrR7wnnLnKE=",
        "owner": "ray-x",
        "repo": "lsp_signature.nvim",
        "rev": "fed2c8389c148ff1dfdcdca63c2b48d08a50dea0",
        "type": "github"
      },
      "original": {
        "owner": "ray-x",
        "repo": "lsp_signature.nvim",
        "type": "github"
      }
    },
    "lualine-nvim": {
      "flake": false,
      "locked": {
        "lastModified": 1697772980,
        "narHash": "sha256-jV+6mV0dyuhiHGei1UqE2r2GoiKJLtdZI2AMNexbi7E=",
        "owner": "nvim-lualine",
        "repo": "lualine.nvim",
        "rev": "2248ef254d0a1488a72041cfb45ca9caada6d994",
        "type": "github"
      },
      "original": {
        "owner": "nvim-lualine",
        "repo": "lualine.nvim",
        "type": "github"
      }
    },
    "naersk": {
      "inputs": {
        "nixpkgs": [
          "rnix-lsp",
          "nixpkgs"
        ]
      },
      "locked": {
        "lastModified": 1655042882,
        "narHash": "sha256-9BX8Fuez5YJlN7cdPO63InoyBy7dm3VlJkkmTt6fS1A=",
        "owner": "nix-community",
        "repo": "naersk",
        "rev": "cddffb5aa211f50c4b8750adbec0bbbdfb26bb9f",
        "type": "github"
      },
      "original": {
        "owner": "nix-community",
        "repo": "naersk",
        "type": "github"
      }
    },
    "neogit": {
      "flake": false,
      "locked": {
        "lastModified": 1701991061,
        "narHash": "sha256-LnBvcn5Hmuu7yExh6NvVfVkJoo1eXpNjMfKV148aLaM=",
        "owner": "NeogitOrg",
        "repo": "neogit",
        "rev": "6d445e4272635ba7eff1346693148aa41b2b99de",
        "type": "github"
      },
      "original": {
        "owner": "NeogitOrg",
        "repo": "neogit",
        "type": "github"
      }
    },
    "neotest": {
      "flake": false,
      "locked": {
        "lastModified": 1699863439,
        "narHash": "sha256-9bUy2JZ52fVK9uY2M8qDHmW4o0YDEI+zcy/MCM+p6Ok=",
        "owner": "nvim-neotest",
        "repo": "neotest",
        "rev": "d424d262d01bccc1e0b038c9a7220a755afd2a1f",
        "type": "github"
      },
      "original": {
        "owner": "nvim-neotest",
        "repo": "neotest",
        "type": "github"
      }
    },
    "neotest-go": {
      "flake": false,
      "locked": {
        "lastModified": 1701354837,
        "narHash": "sha256-JuLgvrxIlFSFaiC3VJzOOoLqh4haXjY2hXSiMAWcFTY=",
        "owner": "nvim-neotest",
        "repo": "neotest-go",
        "rev": "d29d20d912aca81a07c50022d880cc66f0d26542",
        "type": "github"
      },
      "original": {
        "owner": "nvim-neotest",
        "repo": "neotest-go",
        "type": "github"
      }
    },
    "neovim": {
      "inputs": {
        "flake-utils": "flake-utils_3",
        "nixpkgs": [
          "nixpkgs"
        ]
      },
      "locked": {
        "dir": "contrib",
        "lastModified": 1701993627,
        "narHash": "sha256-ubYKiw2RHzJsGonFodOh/FVQ6A+MHIRQTX9/HdOutJY=",
        "owner": "neovim",
        "repo": "neovim",
        "rev": "3bb5d2f2192b63e368a4f573f66406eba3ee66b3",
        "type": "github"
      },
      "original": {
        "dir": "contrib",
        "owner": "neovim",
        "repo": "neovim",
        "type": "github"
      }
    },
    "nixpkgs": {
      "locked": {
        "lastModified": 1701718080,
        "narHash": "sha256-6ovz0pG76dE0P170pmmZex1wWcQoeiomUZGggfH9XPs=",
        "owner": "NixOS",
        "repo": "nixpkgs",
        "rev": "2c7f3c0fb7c08a0814627611d9d7d45ab6d75335",
        "type": "github"
      },
      "original": {
        "owner": "NixOS",
        "ref": "nixos-unstable",
        "repo": "nixpkgs",
        "type": "github"
      }
    },
    "nixpkgs_2": {
      "locked": {
        "lastModified": 1701693815,
        "narHash": "sha256-7BkrXykVWfkn6+c1EhFA3ko4MLi3gVG0p9G96PNnKTM=",
        "owner": "nixos",
        "repo": "nixpkgs",
        "rev": "09ec6a0881e1a36c29d67497693a67a16f4da573",
        "type": "github"
      },
      "original": {
        "owner": "nixos",
        "ref": "nixpkgs-unstable",
        "repo": "nixpkgs",
        "type": "github"
      }
    },
    "nixpkgs_3": {
      "locked": {
        "lastModified": 1656753965,
        "narHash": "sha256-BCrB3l0qpJokOnIVc3g2lHiGhnjUi0MoXiw6t1o8H1E=",
        "owner": "nixos",
        "repo": "nixpkgs",
        "rev": "0ea7a8f1b939d74e5df8af9a8f7342097cdf69eb",
        "type": "github"
      },
      "original": {
        "owner": "nixos",
        "ref": "nixos-unstable",
        "repo": "nixpkgs",
        "type": "github"
      }
    },
    "nord-vim": {
      "flake": false,
      "locked": {
        "lastModified": 1683146605,
        "narHash": "sha256-P4fbRNeJjXOoAQiWXXHZhm4ejgMD8W7OkdEF4TpEc7g=",
        "owner": "arcticicestudio",
        "repo": "nord-vim",
        "rev": "f13f5dfbb784deddbc1d8195f34dfd9ec73e2295",
        "type": "github"
      },
      "original": {
        "owner": "arcticicestudio",
        "repo": "nord-vim",
        "type": "github"
      }
    },
    "nui-nvim": {
      "flake": false,
      "locked": {
        "lastModified": 1701845751,
        "narHash": "sha256-LPNDj2VuFlLdRGZlMgspMTPsnygO/Slw9NpPUqjHqc4=",
        "owner": "MunifTanjim",
        "repo": "nui.nvim",
        "rev": "c9b4de623d19a85b353ff70d2ae9c77143abe69c",
        "type": "github"
      },
      "original": {
        "owner": "MunifTanjim",
        "repo": "nui.nvim",
        "type": "github"
      }
    },
    "null-ls": {
      "flake": false,
      "locked": {
        "lastModified": 1691810493,
        "narHash": "sha256-cWA0rzkOp/ekVKaFee7iea1lhnqKtWUIU+fW5M950wI=",
        "owner": "jose-elias-alvarez",
        "repo": "null-ls.nvim",
        "rev": "0010ea927ab7c09ef0ce9bf28c2b573fc302f5a7",
        "type": "github"
      },
      "original": {
        "owner": "jose-elias-alvarez",
        "repo": "null-ls.nvim",
        "type": "github"
      }
    },
    "nvim-blame-line": {
      "flake": false,
      "locked": {
        "lastModified": 1651676199,
        "narHash": "sha256-qDGr6+kxls9y7Ov4Lgp6soZF2M4FbAvQB/sxXtFCHKo=",
        "owner": "tveskag",
        "repo": "nvim-blame-line",
        "rev": "b3d94f0ed5882d3d1c843c69788b9670476e1f42",
        "type": "github"
      },
      "original": {
        "owner": "tveskag",
        "repo": "nvim-blame-line",
        "type": "github"
      }
    },
    "nvim-dap": {
      "flake": false,
      "locked": {
        "lastModified": 1701540969,
        "narHash": "sha256-yVPNXUZzpGaXr8POfQZJubZ/PfsjkLMk9ElvuP7el14=",
        "owner": "mfussenegger",
        "repo": "nvim-dap",
        "rev": "d7749eb3d9933a75d2244820308ce442f646c7ae",
        "type": "github"
      },
      "original": {
        "owner": "mfussenegger",
        "repo": "nvim-dap",
        "type": "github"
      }
    },
    "nvim-dap-go": {
      "flake": false,
      "locked": {
        "lastModified": 1696651157,
        "narHash": "sha256-uP9zTgNj1jza4xlC1Np4WLqV61tXTQR3s1bWdVtJ1QI=",
        "owner": "leoluz",
        "repo": "nvim-dap-go",
        "rev": "a5cc8dcad43f0732585d4793deb02a25c4afb766",
        "type": "github"
      },
      "original": {
        "owner": "leoluz",
        "repo": "nvim-dap-go",
        "type": "github"
      }
    },
    "nvim-dap-ui": {
      "flake": false,
      "locked": {
        "lastModified": 1694342930,
        "narHash": "sha256-IdWPzLpNH0fkubELr2uTI7UnB0Yaf/zCkF8WUWBtyaM=",
        "owner": "rcarriga",
        "repo": "nvim-dap-ui",
        "rev": "34160a7ce6072ef332f350ae1d4a6a501daf0159",
        "type": "github"
      },
      "original": {
        "owner": "rcarriga",
        "repo": "nvim-dap-ui",
        "type": "github"
      }
    },
    "nvim-dap-virtual-text": {
      "flake": false,
      "locked": {
        "lastModified": 1685002194,
        "narHash": "sha256-yzMRudA8Wag881ewzw82uXPzHoxaB6kAapPElKN6G6E=",
        "owner": "theHamsta",
        "repo": "nvim-dap-virtual-text",
        "rev": "57f1dbd0458dd84a286b27768c142e1567f3ce3b",
        "type": "github"
      },
      "original": {
        "owner": "theHamsta",
        "repo": "nvim-dap-virtual-text",
        "type": "github"
      }
    },
    "nvim-lightbulb": {
      "flake": false,
      "locked": {
        "lastModified": 1689887436,
        "narHash": "sha256-Meoop66jINllnxN6aohuPmU7DEjn64FMq/b8zuy9FEQ=",
        "owner": "kosayoda",
        "repo": "nvim-lightbulb",
        "rev": "8f00b89dd1b1dbde16872bee5fbcee2e58c9b8e9",
        "type": "github"
      },
      "original": {
        "owner": "kosayoda",
        "repo": "nvim-lightbulb",
        "type": "github"
      }
    },
    "nvim-lsp-smag": {
      "flake": false,
      "locked": {
        "lastModified": 1672938451,
        "narHash": "sha256-Rt5NxZrXePXGqwxn8D7VgLW+N21P/ePHX2zz4D6X8FY=",
        "owner": "weilbith",
        "repo": "nvim-lsp-smag",
        "rev": "add830cb376ebe3daac3f63b7f4349c499090918",
        "type": "github"
      },
      "original": {
        "owner": "weilbith",
        "repo": "nvim-lsp-smag",
        "type": "github"
      }
    },
    "nvim-lspconfig": {
      "flake": false,
      "locked": {
        "lastModified": 1701857305,
        "narHash": "sha256-nKoRfCuBdyn9CxWgCBZGCmRAKkd5RHr1Ig2ArIhfBjM=",
        "owner": "neovim",
        "repo": "nvim-lspconfig",
        "rev": "6c797ff9324094e333e2ace9526ca4a62ad9d1ca",
        "type": "github"
      },
      "original": {
        "owner": "neovim",
        "repo": "nvim-lspconfig",
        "type": "github"
      }
    },
    "nvim-navic": {
      "flake": false,
      "locked": {
        "lastModified": 1701345631,
        "narHash": "sha256-0p5n/V8Jlj9XyxV/fuMwsbQ7oV5m9H2GqZZEA/njxCQ=",
        "owner": "SmiteshP",
        "repo": "nvim-navic",
        "rev": "8649f694d3e76ee10c19255dece6411c29206a54",
        "type": "github"
      },
      "original": {
        "owner": "SmiteshP",
        "repo": "nvim-navic",
        "type": "github"
      }
    },
    "nvim-osc52": {
      "flake": false,
      "locked": {
        "lastModified": 1699797099,
        "narHash": "sha256-gkJMgWfO+cIXTDCiofmGtdYg0s21eiaH+2gVZnKAmio=",
        "owner": "ojroques",
        "repo": "nvim-osc52",
        "rev": "89307570b3bffe115d8b6b6fd3a4066cde0ba2d7",
        "type": "github"
      },
      "original": {
        "owner": "ojroques",
        "repo": "nvim-osc52",
        "type": "github"
      }
    },
    "nvim-scope": {
      "flake": false,
      "locked": {
        "lastModified": 1698592569,
        "narHash": "sha256-z1ytdhxKrLnZG8qMPEe2h+wC9tF4K/x6zplwnIojZuE=",
        "owner": "tiagovla",
        "repo": "scope.nvim",
        "rev": "cd27af77ad61a7199af5c28d27013fb956eb0e3e",
        "type": "github"
      },
      "original": {
        "owner": "tiagovla",
        "repo": "scope.nvim",
        "type": "github"
      }
    },
    "nvim-telescope": {
      "flake": false,
      "locked": {
        "lastModified": 1701834638,
        "narHash": "sha256-Zhx4Sy857CCVuK1qSlTEdZ+0blxheB6+CNnPFS7Cixw=",
        "owner": "nvim-telescope",
        "repo": "telescope.nvim",
        "rev": "6213322ab56eb27356fdc09a5078e41e3ea7f3bc",
        "type": "github"
      },
      "original": {
        "owner": "nvim-telescope",
        "repo": "telescope.nvim",
        "type": "github"
      }
    },
    "nvim-telescope-dap": {
      "flake": false,
      "locked": {
        "lastModified": 1694358319,
        "narHash": "sha256-JZRbO+wMZXzzLwEGeRK9S0WldAFrhxtiMwAGsXmdQbk=",
        "owner": "nvim-telescope",
        "repo": "telescope-dap.nvim",
        "rev": "4e2d5efb92062f0b865fe59b200b5ed7793833bf",
        "type": "github"
      },
      "original": {
        "owner": "nvim-telescope",
        "repo": "telescope-dap.nvim",
        "type": "github"
      }
    },
    "nvim-telescope-emoji": {
      "flake": false,
      "locked": {
        "lastModified": 1670503796,
        "narHash": "sha256-8V3MTporANLtZkH0RuLviWlgMmR6fay0WmZ3ZOQzpKI=",
        "owner": "xiyaowong",
        "repo": "telescope-emoji.nvim",
        "rev": "86248d97be84a1ce83f0541500ef9edc99ea2aa1",
        "type": "github"
      },
      "original": {
        "owner": "xiyaowong",
        "repo": "telescope-emoji.nvim",
        "type": "github"
      }
    },
    "nvim-tree-lua": {
      "flake": false,
      "locked": {
        "lastModified": 1701733180,
        "narHash": "sha256-QjjBKPMOjTlzM3OckfTrGtodw21ywBjUpcb08eAY03c=",
        "owner": "kyazdani42",
        "repo": "nvim-tree.lua",
        "rev": "7d1760f892951dd6a118dae1d7a1d8df5f029edf",
        "type": "github"
      },
      "original": {
        "owner": "kyazdani42",
        "repo": "nvim-tree.lua",
        "type": "github"
      }
    },
    "nvim-treesitter-context": {
      "flake": false,
      "locked": {
        "lastModified": 1700559211,
        "narHash": "sha256-XvGksamaUKBuBnbWRbpzqkZRceLf8i6XI6OLyLOv9Sg=",
        "owner": "nvim-treesitter",
        "repo": "nvim-treesitter-context",
        "rev": "bf4d15ee4e96ff5201f16a4ed14443670662eb90",
        "type": "github"
      },
      "original": {
        "owner": "nvim-treesitter",
        "repo": "nvim-treesitter-context",
        "type": "github"
      }
    },
    "nvim-treesitter-textobjects": {
      "flake": false,
      "locked": {
        "lastModified": 1701407849,
        "narHash": "sha256-tu/+yVIgetOYSGg2A+vFgBxh99ndcILVESgyNGHkrs0=",
        "owner": "nvim-treesitter",
        "repo": "nvim-treesitter-textobjects",
        "rev": "ec1c5bdb3d87ac971749fa6c7dbc2b14884f1f6a",
        "type": "github"
      },
      "original": {
        "owner": "nvim-treesitter",
        "repo": "nvim-treesitter-textobjects",
        "type": "github"
      }
    },
    "nvim-web-devicons": {
      "flake": false,
      "locked": {
        "lastModified": 1701051941,
        "narHash": "sha256-6RYrOPbNkCowDOFDE4NrSKEdwDYURuYONFobGMoKrO8=",
        "owner": "kyazdani42",
        "repo": "nvim-web-devicons",
        "rev": "5efb8bd06841f91f97c90e16de85e96d57e9c862",
        "type": "github"
      },
      "original": {
        "owner": "kyazdani42",
        "repo": "nvim-web-devicons",
        "type": "github"
      }
    },
    "nvim-which-key": {
      "flake": false,
      "locked": {
        "lastModified": 1697801635,
        "narHash": "sha256-uvghPj/teWrRMm09Gh8iQ/LV2nYJw0lmoiZK6L4+1cY=",
        "owner": "folke",
        "repo": "which-key.nvim",
        "rev": "4433e5ec9a507e5097571ed55c02ea9658fb268a",
        "type": "github"
      },
      "original": {
        "owner": "folke",
        "repo": "which-key.nvim",
        "type": "github"
      }
    },
    "nvim-xenon": {
      "flake": false,
      "locked": {
        "lastModified": 1701972979,
        "narHash": "sha256-OwLDq60MKslse5w91RPuOyzfNRh3RX+tX8bkyY/150A=",
        "owner": "minego",
        "repo": "nvim-xenon",
        "rev": "4882ca34545573c8331fc49aa6ed5c6754ec9c69",
        "type": "github"
      },
      "original": {
        "owner": "minego",
        "repo": "nvim-xenon",
        "type": "github"
      }
    },
    "plenary-nvim": {
      "flake": false,
      "locked": {
        "lastModified": 1701343040,
        "narHash": "sha256-f8YVaXMG0ZyW6iotAgnftaYULnL69UPolRad6RTG27g=",
        "owner": "nvim-lua",
        "repo": "plenary.nvim",
        "rev": "55d9fe89e33efd26f532ef20223e5f9430c8b0c0",
        "type": "github"
      },
      "original": {
        "owner": "nvim-lua",
        "repo": "plenary.nvim",
        "type": "github"
      }
    },
    "popup-nvim": {
      "flake": false,
      "locked": {
        "lastModified": 1637254091,
        "narHash": "sha256-dNWz/xovUg55fDZUpVs/2kLphk3lqQyvPtc9ATwbeSQ=",
        "owner": "nvim-lua",
        "repo": "popup.nvim",
        "rev": "b7404d35d5d3548a82149238289fa71f7f6de4ac",
        "type": "github"
      },
      "original": {
        "owner": "nvim-lua",
        "repo": "popup.nvim",
        "type": "github"
      }
    },
    "rnix-lsp": {
      "inputs": {
        "naersk": "naersk",
        "nixpkgs": "nixpkgs_3",
        "utils": "utils"
      },
      "locked": {
        "lastModified": 1669555118,
        "narHash": "sha256-F0s0m62S5bHNVWNHLZD6SeHiLrsDx98VQbRjDyIu+qQ=",
        "owner": "nix-community",
        "repo": "rnix-lsp",
        "rev": "95d40673fe43642e2e1144341e86d0036abd95d9",
        "type": "github"
      },
      "original": {
        "owner": "nix-community",
        "repo": "rnix-lsp",
        "type": "github"
      }
    },
    "root": {
      "inputs": {
        "diffview-nvim": "diffview-nvim",
        "dressing-nvim": "dressing-nvim",
        "editorconfig-vim": "editorconfig-vim",
        "flatten": "flatten",
        "fugitive": "fugitive",
        "fugitive-gitlab": "fugitive-gitlab",
        "gitlab": "gitlab",
        "gitsigns": "gitsigns",
        "goimpl": "goimpl",
        "gruvbox": "gruvbox",
        "indent-blankline-nvim": "indent-blankline-nvim",
        "lightline-vim": "lightline-vim",
        "lsp_signature": "lsp_signature",
        "lualine-nvim": "lualine-nvim",
        "neogit": "neogit",
        "neotest": "neotest",
        "neotest-go": "neotest-go",
        "neovim": "neovim",
        "nixpkgs": "nixpkgs_2",
        "nord-vim": "nord-vim",
        "nui-nvim": "nui-nvim",
        "null-ls": "null-ls",
        "nvim-blame-line": "nvim-blame-line",
        "nvim-dap": "nvim-dap",
        "nvim-dap-go": "nvim-dap-go",
        "nvim-dap-ui": "nvim-dap-ui",
        "nvim-dap-virtual-text": "nvim-dap-virtual-text",
        "nvim-lightbulb": "nvim-lightbulb",
        "nvim-lsp-smag": "nvim-lsp-smag",
        "nvim-lspconfig": "nvim-lspconfig",
        "nvim-navic": "nvim-navic",
        "nvim-osc52": "nvim-osc52",
        "nvim-scope": "nvim-scope",
        "nvim-telescope": "nvim-telescope",
        "nvim-telescope-dap": "nvim-telescope-dap",
        "nvim-telescope-emoji": "nvim-telescope-emoji",
        "nvim-tree-lua": "nvim-tree-lua",
        "nvim-treesitter-context": "nvim-treesitter-context",
        "nvim-treesitter-textobjects": "nvim-treesitter-textobjects",
        "nvim-web-devicons": "nvim-web-devicons",
        "nvim-which-key": "nvim-which-key",
        "nvim-xenon": "nvim-xenon",
        "plenary-nvim": "plenary-nvim",
        "popup-nvim": "popup-nvim",
        "rnix-lsp": "rnix-lsp",
        "vim-cursorword": "vim-cursorword",
        "vim-go-coverage": "vim-go-coverage",
        "vim-nix": "vim-nix",
        "vim-rest-console": "vim-rest-console",
        "vim-startify": "vim-startify",
        "vim-test": "vim-test"
      }
    },
    "systems": {
      "locked": {
        "lastModified": 1681028828,
        "narHash": "sha256-Vy1rq5AaRuLzOxct8nz4T6wlgyUR7zLU309k9mBC768=",
        "owner": "nix-systems",
        "repo": "default",
        "rev": "da67096a3b9bf56a91d16901293e51ba5b49a27e",
        "type": "github"
      },
      "original": {
        "owner": "nix-systems",
        "repo": "default",
        "type": "github"
      }
    },
    "systems_2": {
      "locked": {
        "lastModified": 1681028828,
        "narHash": "sha256-Vy1rq5AaRuLzOxct8nz4T6wlgyUR7zLU309k9mBC768=",
        "owner": "nix-systems",
        "repo": "default",
        "rev": "da67096a3b9bf56a91d16901293e51ba5b49a27e",
        "type": "github"
      },
      "original": {
        "owner": "nix-systems",
        "repo": "default",
        "type": "github"
      }
    },
    "systems_3": {
      "locked": {
        "lastModified": 1681028828,
        "narHash": "sha256-Vy1rq5AaRuLzOxct8nz4T6wlgyUR7zLU309k9mBC768=",
        "owner": "nix-systems",
        "repo": "default",
        "rev": "da67096a3b9bf56a91d16901293e51ba5b49a27e",
        "type": "github"
      },
      "original": {
        "owner": "nix-systems",
        "repo": "default",
        "type": "github"
      }
    },
    "utils": {
      "locked": {
        "lastModified": 1656928814,
        "narHash": "sha256-RIFfgBuKz6Hp89yRr7+NR5tzIAbn52h8vT6vXkYjZoM=",
        "owner": "numtide",
        "repo": "flake-utils",
        "rev": "7e2a3b3dfd9af950a856d66b0a7d01e3c18aa249",
        "type": "github"
      },
      "original": {
        "owner": "numtide",
        "repo": "flake-utils",
        "type": "github"
      }
    },
    "vim-cursorword": {
      "flake": false,
      "locked": {
        "lastModified": 1668679514,
        "narHash": "sha256-JbfasdABxMIG3RRxOuesHaVlQsniNOFdYARVaWJSJos=",
        "owner": "itchyny",
        "repo": "vim-cursorword",
        "rev": "371fdd7fa8817c28aa09d181cfcfa3c7ca29bf56",
        "type": "github"
      },
      "original": {
        "owner": "itchyny",
        "repo": "vim-cursorword",
        "type": "github"
      }
    },
    "vim-go-coverage": {
      "flake": false,
      "locked": {
        "lastModified": 1652835626,
        "narHash": "sha256-vbPgwiNJs5G12sPiUqm9llzZ4GI837ABff+xj+6VAp4=",
        "owner": "kyoh86",
        "repo": "vim-go-coverage",
        "rev": "d9b0c9f89fa5424db997c81e501fa2fd62628acd",
        "type": "github"
      },
      "original": {
        "owner": "kyoh86",
        "repo": "vim-go-coverage",
        "type": "github"
      }
    },
    "vim-nix": {
      "flake": false,
      "locked": {
        "lastModified": 1690632691,
        "narHash": "sha256-x6/WNMWFbR/1uLAeMawlwmp4b1ak+YRWu7abwx+9TRs=",
        "owner": "LnL7",
        "repo": "vim-nix",
        "rev": "1e8d3cc4d74f40fb384cd1739739543fe117ff61",
        "type": "github"
      },
      "original": {
        "owner": "LnL7",
        "repo": "vim-nix",
        "type": "github"
      }
    },
    "vim-rest-console": {
      "flake": false,
      "locked": {
        "lastModified": 1553296776,
        "narHash": "sha256-Us7LLK/GJsFyIIROGn4y0k8c3yz+Y/X+WWwHcRqL+PQ=",
        "owner": "diepm",
        "repo": "vim-rest-console",
        "rev": "7b407f47185468d1b57a8bd71cdd66c9a99359b2",
        "type": "github"
      },
      "original": {
        "owner": "diepm",
        "repo": "vim-rest-console",
        "type": "github"
      }
    },
    "vim-startify": {
      "flake": false,
      "locked": {
        "lastModified": 1695213983,
        "narHash": "sha256-W5N/Dqxf9hSXEEJsrEkXInFwBXNBJe9Dzx9TVS12mPk=",
        "owner": "mhinz",
        "repo": "vim-startify",
        "rev": "4e089dffdad46f3f5593f34362d530e8fe823dcf",
        "type": "github"
      },
      "original": {
        "owner": "mhinz",
        "repo": "vim-startify",
        "type": "github"
      }
    },
    "vim-test": {
      "flake": false,
      "locked": {
        "lastModified": 1701775606,
        "narHash": "sha256-oEtv4usppg7yJJGuUPCLWqwbTSYgaaN/7MUxtlfyTiQ=",
        "owner": "vim-test",
        "repo": "vim-test",
        "rev": "84373ffca386edd667e09f2bf1024b1de7bdfdf1",
        "type": "github"
      },
      "original": {
        "owner": "vim-test",
        "repo": "vim-test",
        "type": "github"
      }
    }
  },
  "root": "root",
  "version": 7
}
